
Microsoft Visual Studio Solution File, Format Version 12.00
# Visual Studio Version 17
VisualStudioVersion = 17.1.32328.378
MinimumVisualStudioVersion = 10.0.40219.1
Project("{9A19103F-16F7-4668-BE54-9A1E7A4F7556}") = "JsonApp", "JsonApp\JsonApp.csproj", "{93CBD1A7-39BA-4C78-853C-8087B619B800}"
EndProject
Project("{9A19103F-16F7-4668-BE54-9A1E7A4F7556}") = "JsonAppTests", "JsonAppTests\JsonAppTests.csproj", "{FCEC89DF-4797-4617-94E4-9875CCF8C790}"
EndProject
Project("{FAE04EC0-301F-11D3-BF4B-00C04F79EFBC}") = "Json", "Json\Json.csproj", "{C2B2B99E-E6FD-43E7-ACB9-3C3B5DEBFD47}"
EndProject
Global
	GlobalSection(SolutionConfigurationPlatforms) = preSolution
		Debug|Any CPU = Debug|Any CPU
		Release|Any CPU = Release|Any CPU
	EndGlobalSection
	GlobalSection(ProjectConfigurationPlatforms) = postSolution
		{93CBD1A7-39BA-4C78-853C-8087B619B800}.Debug|Any CPU.ActiveCfg = Debug|Any CPU
		{93CBD1A7-39BA-4C78-853C-8087B619B800}.Debug|Any CPU.Build.0 = Debug|Any CPU
		{93CBD1A7-39BA-4C78-853C-8087B619B800}.Release|Any CPU.ActiveCfg = Release|Any CPU
		{93CBD1A7-39BA-4C78-853C-8087B619B800}.Release|Any CPU.Build.0 = Release|Any CPU
		{FCEC89DF-4797-4617-94E4-9875CCF8C790}.Debug|Any CPU.ActiveCfg = Debug|Any CPU
		{FCEC89DF-4797-4617-94E4-9875CCF8C790}.Debug|Any CPU.Build.0 = Debug|Any CPU
		{FCEC89DF-4797-4617-94E4-9875CCF8C790}.Release|Any CPU.ActiveCfg = Release|Any CPU
		{FCEC89DF-4797-4617-94E4-9875CCF8C790}.Release|Any CPU.Build.0 = Release|Any CPU
		{C2B2B99E-E6FD-43E7-ACB9-3C3B5DEBFD47}.Debug|Any CPU.ActiveCfg = Debug|Any CPU
		{C2B2B99E-E6FD-43E7-ACB9-3C3B5DEBFD47}.Debug|Any CPU.Build.0 = Debug|Any CPU
		{C2B2B99E-E6FD-43E7-ACB9-3C3B5DEBFD47}.Release|Any CPU.ActiveCfg = Release|Any CPU
		{C2B2B99E-E6FD-43E7-ACB9-3C3B5DEBFD47}.Release|Any CPU.Build.0 = Release|Any CPU
	EndGlobalSection
	GlobalSection(SolutionProperties) = preSolution
		HideSolutionNode = FALSE
	EndGlobalSection
	GlobalSection(ExtensibilityGlobals) = postSolution
		SolutionGuid = {ACDC530A-CC7B-4187-BC28-182A76525DB1}
	EndGlobalSection
EndGlobal
